
Microsoft Visual Studio Solution File, Format Version 12.00
# Visual Studio 2012
Project("{FAE04EC0-301F-11D3-BF4B-00C04F79EFBC}") = "IglaClub.Web", "IglaClub.Web\IglaClub.Web.csproj", "{8F6E188A-5BB9-47FB-82DF-1CFBD5BDC9B8}"
EndProject
Project("{FAE04EC0-301F-11D3-BF4B-00C04F79EFBC}") = "IglaClub.ObjectModel", "IglaClub.ObjectModel\IglaClub.ObjectModel.csproj", "{C4EBBCD3-8501-4136-90EC-91870977B932}"
EndProject
Project("{FAE04EC0-301F-11D3-BF4B-00C04F79EFBC}") = "IglaClub.TournamentManager", "IglaClub.TournamentManager\IglaClub.TournamentManager.csproj", "{F812D401-7BF6-4251-A23D-BDEBEBA5F179}"
EndProject
Global
	GlobalSection(SolutionConfigurationPlatforms) = preSolution
		Debug|Any CPU = Debug|Any CPU
		Release|Any CPU = Release|Any CPU
	EndGlobalSection
	GlobalSection(ProjectConfigurationPlatforms) = postSolution
		{8F6E188A-5BB9-47FB-82DF-1CFBD5BDC9B8}.Debug|Any CPU.ActiveCfg = Debug|Any CPU
		{8F6E188A-5BB9-47FB-82DF-1CFBD5BDC9B8}.Debug|Any CPU.Build.0 = Debug|Any CPU
		{8F6E188A-5BB9-47FB-82DF-1CFBD5BDC9B8}.Release|Any CPU.ActiveCfg = Release|Any CPU
		{8F6E188A-5BB9-47FB-82DF-1CFBD5BDC9B8}.Release|Any CPU.Build.0 = Release|Any CPU
		{C4EBBCD3-8501-4136-90EC-91870977B932}.Debug|Any CPU.ActiveCfg = Debug|Any CPU
		{C4EBBCD3-8501-4136-90EC-91870977B932}.Debug|Any CPU.Build.0 = Debug|Any CPU
		{C4EBBCD3-8501-4136-90EC-91870977B932}.Release|Any CPU.ActiveCfg = Release|Any CPU
		{C4EBBCD3-8501-4136-90EC-91870977B932}.Release|Any CPU.Build.0 = Release|Any CPU
		{F812D401-7BF6-4251-A23D-BDEBEBA5F179}.Debug|Any CPU.ActiveCfg = Debug|Any CPU
		{F812D401-7BF6-4251-A23D-BDEBEBA5F179}.Debug|Any CPU.Build.0 = Debug|Any CPU
		{F812D401-7BF6-4251-A23D-BDEBEBA5F179}.Release|Any CPU.ActiveCfg = Release|Any CPU
		{F812D401-7BF6-4251-A23D-BDEBEBA5F179}.Release|Any CPU.Build.0 = Release|Any CPU
	EndGlobalSection
	GlobalSection(SolutionProperties) = preSolution
		HideSolutionNode = FALSE
	EndGlobalSection
EndGlobal
